
Microsoft Visual Studio Solution File, Format Version 12.00
# Visual Studio 15
VisualStudioVersion = 15.0.27130.2010
MinimumVisualStudioVersion = 10.0.40219.1
Project("{2150E333-8FDC-42A3-9474-1A3956D46DE8}") = "Tests", "Tests", "{BCB43984-CA51-4A3B-B402-199147F5E929}"
EndProject
Project("{2150E333-8FDC-42A3-9474-1A3956D46DE8}") = "Generators", "Generators", "{D4B5A756-1AE5-4545-84DA-86B7BD0F3AD4}"
EndProject
Project("{2150E333-8FDC-42A3-9474-1A3956D46DE8}") = "ExternalLib", "ExternalLib", "{CCE69D73-1CD6-4922-B1B9-E84D1643678D}"
EndProject
Project("{9A19103F-16F7-4668-BE54-9A1E7A4F7556}") = "AtemMacroEditor", "AtemMacroEditor\AtemMacroEditor.csproj", "{E8FF62FA-EADD-4784-BCDD-65BB317263E7}"
EndProject
Project("{9A19103F-16F7-4668-BE54-9A1E7A4F7556}") = "LibAtem", "LibAtem\LibAtem\LibAtem.csproj", "{B175D9FB-8516-4655-B0DC-DE1F51C443BC}"
EndProject
Project("{9A19103F-16F7-4668-BE54-9A1E7A4F7556}") = "LibAtem.Test", "LibAtem\LibAtem.Test\LibAtem.Test.csproj", "{2E687E1E-B391-4018-88D2-18561B0E0868}"
EndProject
Project("{9A19103F-16F7-4668-BE54-9A1E7A4F7556}") = "LibAtem.XmlState", "LibAtem.XmlState\LibAtem.XmlState\LibAtem.XmlState.csproj", "{91BA315E-3465-40F1-BAD0-52AFE34604C1}"
EndProject
Project("{9A19103F-16F7-4668-BE54-9A1E7A4F7556}") = "LibAtem.XmlState.Test", "LibAtem.XmlState\LibAtem.XmlState.Test\LibAtem.XmlState.Test.csproj", "{46418827-6667-4507-B62C-7B5D08BE3673}"
EndProject
Project("{9A19103F-16F7-4668-BE54-9A1E7A4F7556}") = "FatAntelope", "LibAtem.XmlState\FatAntelope\FatAntelope\FatAntelope.csproj", "{E8E4D942-45B4-42DE-AC26-DA5E7ED3D526}"
EndProject
Project("{9A19103F-16F7-4668-BE54-9A1E7A4F7556}") = "LibAtem.DeviceProfile", "LibAtem.DeviceProfile\LibAtem.DeviceProfile\LibAtem.DeviceProfile.csproj", "{F9BD17CD-749F-45D1-91DA-678F1B985E83}"
EndProject
Project("{9A19103F-16F7-4668-BE54-9A1E7A4F7556}") = "LibAtem.XmlState.TestMacroOpsGenerate", "LibAtem.XmlState\LibAtem.XmlState.TestMacroOpsGenerate\LibAtem.XmlState.TestMacroOpsGenerate.csproj", "{060816E9-EE5C-4716-A718-F4F2370AE9CE}"
EndProject
Project("{9A19103F-16F7-4668-BE54-9A1E7A4F7556}") = "LibAtem.XmlState.GenerateMacroOperation", "LibAtem.XmlState\LibAtem.XmlState.GenerateMacroOperation\LibAtem.XmlState.GenerateMacroOperation.csproj", "{59723FA2-9B7B-4A9E-ABEF-11A997958E63}"
EndProject
Global
	GlobalSection(SolutionConfigurationPlatforms) = preSolution
		Debug|Any CPU = Debug|Any CPU
		Release|Any CPU = Release|Any CPU
	EndGlobalSection
	GlobalSection(ProjectConfigurationPlatforms) = postSolution
		{E8FF62FA-EADD-4784-BCDD-65BB317263E7}.Debug|Any CPU.ActiveCfg = Debug|Any CPU
		{E8FF62FA-EADD-4784-BCDD-65BB317263E7}.Debug|Any CPU.Build.0 = Debug|Any CPU
		{E8FF62FA-EADD-4784-BCDD-65BB317263E7}.Release|Any CPU.ActiveCfg = Release|Any CPU
		{E8FF62FA-EADD-4784-BCDD-65BB317263E7}.Release|Any CPU.Build.0 = Release|Any CPU
		{B175D9FB-8516-4655-B0DC-DE1F51C443BC}.Debug|Any CPU.ActiveCfg = Debug|Any CPU
		{B175D9FB-8516-4655-B0DC-DE1F51C443BC}.Debug|Any CPU.Build.0 = Debug|Any CPU
		{B175D9FB-8516-4655-B0DC-DE1F51C443BC}.Release|Any CPU.ActiveCfg = Release|Any CPU
		{B175D9FB-8516-4655-B0DC-DE1F51C443BC}.Release|Any CPU.Build.0 = Release|Any CPU
		{2E687E1E-B391-4018-88D2-18561B0E0868}.Debug|Any CPU.ActiveCfg = Debug|Any CPU
		{2E687E1E-B391-4018-88D2-18561B0E0868}.Debug|Any CPU.Build.0 = Debug|Any CPU
		{2E687E1E-B391-4018-88D2-18561B0E0868}.Release|Any CPU.ActiveCfg = Release|Any CPU
		{2E687E1E-B391-4018-88D2-18561B0E0868}.Release|Any CPU.Build.0 = Release|Any CPU
		{91BA315E-3465-40F1-BAD0-52AFE34604C1}.Debug|Any CPU.ActiveCfg = Debug|Any CPU
		{91BA315E-3465-40F1-BAD0-52AFE34604C1}.Debug|Any CPU.Build.0 = Debug|Any CPU
		{91BA315E-3465-40F1-BAD0-52AFE34604C1}.Release|Any CPU.ActiveCfg = Release|Any CPU
		{91BA315E-3465-40F1-BAD0-52AFE34604C1}.Release|Any CPU.Build.0 = Release|Any CPU
		{46418827-6667-4507-B62C-7B5D08BE3673}.Debug|Any CPU.ActiveCfg = Debug|Any CPU
		{46418827-6667-4507-B62C-7B5D08BE3673}.Debug|Any CPU.Build.0 = Debug|Any CPU
		{46418827-6667-4507-B62C-7B5D08BE3673}.Release|Any CPU.ActiveCfg = Release|Any CPU
		{46418827-6667-4507-B62C-7B5D08BE3673}.Release|Any CPU.Build.0 = Release|Any CPU
		{E8E4D942-45B4-42DE-AC26-DA5E7ED3D526}.Debug|Any CPU.ActiveCfg = Debug|Any CPU
		{E8E4D942-45B4-42DE-AC26-DA5E7ED3D526}.Debug|Any CPU.Build.0 = Debug|Any CPU
		{E8E4D942-45B4-42DE-AC26-DA5E7ED3D526}.Release|Any CPU.ActiveCfg = Release|Any CPU
		{E8E4D942-45B4-42DE-AC26-DA5E7ED3D526}.Release|Any CPU.Build.0 = Release|Any CPU
		{F9BD17CD-749F-45D1-91DA-678F1B985E83}.Debug|Any CPU.ActiveCfg = Debug|Any CPU
		{F9BD17CD-749F-45D1-91DA-678F1B985E83}.Debug|Any CPU.Build.0 = Debug|Any CPU
		{F9BD17CD-749F-45D1-91DA-678F1B985E83}.Release|Any CPU.ActiveCfg = Release|Any CPU
		{F9BD17CD-749F-45D1-91DA-678F1B985E83}.Release|Any CPU.Build.0 = Release|Any CPU
		{060816E9-EE5C-4716-A718-F4F2370AE9CE}.Debug|Any CPU.ActiveCfg = Debug|Any CPU
		{060816E9-EE5C-4716-A718-F4F2370AE9CE}.Debug|Any CPU.Build.0 = Debug|Any CPU
		{060816E9-EE5C-4716-A718-F4F2370AE9CE}.Release|Any CPU.ActiveCfg = Release|Any CPU
		{060816E9-EE5C-4716-A718-F4F2370AE9CE}.Release|Any CPU.Build.0 = Release|Any CPU
		{59723FA2-9B7B-4A9E-ABEF-11A997958E63}.Debug|Any CPU.ActiveCfg = Debug|Any CPU
		{59723FA2-9B7B-4A9E-ABEF-11A997958E63}.Debug|Any CPU.Build.0 = Debug|Any CPU
		{59723FA2-9B7B-4A9E-ABEF-11A997958E63}.Release|Any CPU.ActiveCfg = Release|Any CPU
		{59723FA2-9B7B-4A9E-ABEF-11A997958E63}.Release|Any CPU.Build.0 = Release|Any CPU
	EndGlobalSection
	GlobalSection(SolutionProperties) = preSolution
		HideSolutionNode = FALSE
	EndGlobalSection
	GlobalSection(NestedProjects) = preSolution
		{2E687E1E-B391-4018-88D2-18561B0E0868} = {BCB43984-CA51-4A3B-B402-199147F5E929}
		{46418827-6667-4507-B62C-7B5D08BE3673} = {BCB43984-CA51-4A3B-B402-199147F5E929}
		{E8E4D942-45B4-42DE-AC26-DA5E7ED3D526} = {CCE69D73-1CD6-4922-B1B9-E84D1643678D}
		{060816E9-EE5C-4716-A718-F4F2370AE9CE} = {D4B5A756-1AE5-4545-84DA-86B7BD0F3AD4}
		{59723FA2-9B7B-4A9E-ABEF-11A997958E63} = {D4B5A756-1AE5-4545-84DA-86B7BD0F3AD4}
	EndGlobalSection
	GlobalSection(ExtensibilityGlobals) = postSolution
		SolutionGuid = {1AE4DA55-6E20-43B8-925F-4F753F65D00A}
	EndGlobalSection
EndGlobal
